
Microsoft Visual Studio Solution File, Format Version 12.00
# Visual Studio Version 17
VisualStudioVersion = 17.6.33829.357
MinimumVisualStudioVersion = 10.0.40219.1
Project("{9A19103F-16F7-4668-BE54-9A1E7A4F7556}") = "Bulky.DataAccess", "Bulky.DataAccess\Bulky.DataAccess.csproj", "{A874629D-AC7B-4848-8E70-404907E62B9A}"
EndProject
Project("{9A19103F-16F7-4668-BE54-9A1E7A4F7556}") = "Bulky.Models", "Bulky.Models\Bulky.Models.csproj", "{C28D3419-561C-4081-B3B2-465314450122}"
EndProject
Project("{9A19103F-16F7-4668-BE54-9A1E7A4F7556}") = "Bulky.Utility", "Bulky.Utility\Bulky.Utility.csproj", "{6F12F6A7-BA5B-45AA-8062-CC8825A30F0C}"
EndProject
Project("{9A19103F-16F7-4668-BE54-9A1E7A4F7556}") = "BulkyWeb", "BulkyWeb\BulkyWeb.csproj", "{6093B298-5105-4FB6-A744-61AA027CC472}"
EndProject
Global
	GlobalSection(SolutionConfigurationPlatforms) = preSolution
		Debug|Any CPU = Debug|Any CPU
		Release|Any CPU = Release|Any CPU
	EndGlobalSection
	GlobalSection(ProjectConfigurationPlatforms) = postSolution
		{A874629D-AC7B-4848-8E70-404907E62B9A}.Debug|Any CPU.ActiveCfg = Debug|Any CPU
		{A874629D-AC7B-4848-8E70-404907E62B9A}.Debug|Any CPU.Build.0 = Debug|Any CPU
		{A874629D-AC7B-4848-8E70-404907E62B9A}.Release|Any CPU.ActiveCfg = Release|Any CPU
		{A874629D-AC7B-4848-8E70-404907E62B9A}.Release|Any CPU.Build.0 = Release|Any CPU
		{C28D3419-561C-4081-B3B2-465314450122}.Debug|Any CPU.ActiveCfg = Debug|Any CPU
		{C28D3419-561C-4081-B3B2-465314450122}.Debug|Any CPU.Build.0 = Debug|Any CPU
		{C28D3419-561C-4081-B3B2-465314450122}.Release|Any CPU.ActiveCfg = Release|Any CPU
		{C28D3419-561C-4081-B3B2-465314450122}.Release|Any CPU.Build.0 = Release|Any CPU
		{6F12F6A7-BA5B-45AA-8062-CC8825A30F0C}.Debug|Any CPU.ActiveCfg = Debug|Any CPU
		{6F12F6A7-BA5B-45AA-8062-CC8825A30F0C}.Debug|Any CPU.Build.0 = Debug|Any CPU
		{6F12F6A7-BA5B-45AA-8062-CC8825A30F0C}.Release|Any CPU.ActiveCfg = Release|Any CPU
		{6F12F6A7-BA5B-45AA-8062-CC8825A30F0C}.Release|Any CPU.Build.0 = Release|Any CPU
		{6093B298-5105-4FB6-A744-61AA027CC472}.Debug|Any CPU.ActiveCfg = Debug|Any CPU
		{6093B298-5105-4FB6-A744-61AA027CC472}.Debug|Any CPU.Build.0 = Debug|Any CPU
		{6093B298-5105-4FB6-A744-61AA027CC472}.Release|Any CPU.ActiveCfg = Release|Any CPU
		{6093B298-5105-4FB6-A744-61AA027CC472}.Release|Any CPU.Build.0 = Release|Any CPU
	EndGlobalSection
	GlobalSection(SolutionProperties) = preSolution
		HideSolutionNode = FALSE
	EndGlobalSection
	GlobalSection(ExtensibilityGlobals) = postSolution
		SolutionGuid = {6323FE63-8280-4EC7-852C-FC275B2833BA}
	EndGlobalSection
EndGlobal
